
Microsoft Visual Studio Solution File, Format Version 12.00
# Visual Studio Version 16
VisualStudioVersion = 16.0.29318.209
MinimumVisualStudioVersion = 10.0.40219.1
Project("{FAE04EC0-301F-11D3-BF4B-00C04F79EFBC}") = "LondonUnderground", "LondonUnderground.csproj", "{81A6492A-6E50-44BE-B1D4-6F3FEC0334C7}"
EndProject
Global
	GlobalSection(SolutionConfigurationPlatforms) = preSolution
		Debug|Any CPU = Debug|Any CPU
		Release|Any CPU = Release|Any CPU
	EndGlobalSection
	GlobalSection(ProjectConfigurationPlatforms) = postSolution
		{81A6492A-6E50-44BE-B1D4-6F3FEC0334C7}.Debug|Any CPU.ActiveCfg = Debug|Any CPU
		{81A6492A-6E50-44BE-B1D4-6F3FEC0334C7}.Debug|Any CPU.Build.0 = Debug|Any CPU
		{81A6492A-6E50-44BE-B1D4-6F3FEC0334C7}.Release|Any CPU.ActiveCfg = Release|Any CPU
		{81A6492A-6E50-44BE-B1D4-6F3FEC0334C7}.Release|Any CPU.Build.0 = Release|Any CPU
	EndGlobalSection
	GlobalSection(SolutionProperties) = preSolution
		HideSolutionNode = FALSE
	EndGlobalSection
	GlobalSection(ExtensibilityGlobals) = postSolution
		SolutionGuid = {E9892256-0A94-44B7-856E-D89B78F2ACBE}
	EndGlobalSection
EndGlobal
